// !$*UTF8*$!
{
	archiveVersion = 1;
	classes = {
	};
	objectVersion = 55;
	objects = {

/* Begin PBXBuildFile section */
		F616236D2749301C00B7DAAE /* ExpenseRowView.swift in Sources */ = {isa = PBXBuildFile; fileRef = F616236C2749301C00B7DAAE /* ExpenseRowView.swift */; };
		F6447D112747D03E006C7CA7 /* SpendioApp.swift in Sources */ = {isa = PBXBuildFile; fileRef = F6447D102747D03E006C7CA7 /* SpendioApp.swift */; };
		F6447D132747D03E006C7CA7 /* ContentView.swift in Sources */ = {isa = PBXBuildFile; fileRef = F6447D122747D03E006C7CA7 /* ContentView.swift */; };
		F6447D152747D03F006C7CA7 /* Assets.xcassets in Resources */ = {isa = PBXBuildFile; fileRef = F6447D142747D03F006C7CA7 /* Assets.xcassets */; };
		F6447D182747D03F006C7CA7 /* Preview Assets.xcassets in Resources */ = {isa = PBXBuildFile; fileRef = F6447D172747D03F006C7CA7 /* Preview Assets.xcassets */; };
		F6447D1A2747D03F006C7CA7 /* Persistence.swift in Sources */ = {isa = PBXBuildFile; fileRef = F6447D192747D03F006C7CA7 /* Persistence.swift */; };
		F6447D1D2747D03F006C7CA7 /* Spendio.xcdatamodeld in Sources */ = {isa = PBXBuildFile; fileRef = F6447D1B2747D03F006C7CA7 /* Spendio.xcdatamodeld */; };
		F6447D272747D03F006C7CA7 /* SpendioTests.swift in Sources */ = {isa = PBXBuildFile; fileRef = F6447D262747D03F006C7CA7 /* SpendioTests.swift */; };
		F6447D312747D03F006C7CA7 /* SpendioUITests.swift in Sources */ = {isa = PBXBuildFile; fileRef = F6447D302747D03F006C7CA7 /* SpendioUITests.swift */; };
		F6447D332747D03F006C7CA7 /* SpendioUITestsLaunchTests.swift in Sources */ = {isa = PBXBuildFile; fileRef = F6447D322747D03F006C7CA7 /* SpendioUITestsLaunchTests.swift */; };
		F6447D412747EDE2006C7CA7 /* MainView.swift in Sources */ = {isa = PBXBuildFile; fileRef = F6447D402747EDE2006C7CA7 /* MainView.swift */; };
		F6447D432747FA16006C7CA7 /* HistoryView.swift in Sources */ = {isa = PBXBuildFile; fileRef = F6447D422747FA16006C7CA7 /* HistoryView.swift */; };
		F6447D452747FA34006C7CA7 /* RecentSpendingsView.swift in Sources */ = {isa = PBXBuildFile; fileRef = F6447D442747FA34006C7CA7 /* RecentSpendingsView.swift */; };
		F6447D472747FA60006C7CA7 /* AddExpenseView.swift in Sources */ = {isa = PBXBuildFile; fileRef = F6447D462747FA60006C7CA7 /* AddExpenseView.swift */; };
		F6447D492747FA7F006C7CA7 /* CategoriesView.swift in Sources */ = {isa = PBXBuildFile; fileRef = F6447D482747FA7F006C7CA7 /* CategoriesView.swift */; };
/* End PBXBuildFile section */

/* Begin PBXContainerItemProxy section */
		F6447D232747D03F006C7CA7 /* PBXContainerItemProxy */ = {
			isa = PBXContainerItemProxy;
			containerPortal = F6447D052747D03E006C7CA7 /* Project object */;
			proxyType = 1;
			remoteGlobalIDString = F6447D0C2747D03E006C7CA7;
			remoteInfo = Spendio;
		};
		F6447D2D2747D03F006C7CA7 /* PBXContainerItemProxy */ = {
			isa = PBXContainerItemProxy;
			containerPortal = F6447D052747D03E006C7CA7 /* Project object */;
			proxyType = 1;
			remoteGlobalIDString = F6447D0C2747D03E006C7CA7;
			remoteInfo = Spendio;
		};
/* End PBXContainerItemProxy section */

/* Begin PBXFileReference section */
		F616236C2749301C00B7DAAE /* ExpenseRowView.swift */ = {isa = PBXFileReference; lastKnownFileType = sourcecode.swift; path = ExpenseRowView.swift; sourceTree = "<group>"; };
		F6447D0D2747D03E006C7CA7 /* Spendio.app */ = {isa = PBXFileReference; explicitFileType = wrapper.application; includeInIndex = 0; path = Spendio.app; sourceTree = BUILT_PRODUCTS_DIR; };
		F6447D102747D03E006C7CA7 /* SpendioApp.swift */ = {isa = PBXFileReference; lastKnownFileType = sourcecode.swift; path = SpendioApp.swift; sourceTree = "<group>"; };
		F6447D122747D03E006C7CA7 /* ContentView.swift */ = {isa = PBXFileReference; lastKnownFileType = sourcecode.swift; path = ContentView.swift; sourceTree = "<group>"; };
		F6447D142747D03F006C7CA7 /* Assets.xcassets */ = {isa = PBXFileReference; lastKnownFileType = folder.assetcatalog; path = Assets.xcassets; sourceTree = "<group>"; };
		F6447D172747D03F006C7CA7 /* Preview Assets.xcassets */ = {isa = PBXFileReference; lastKnownFileType = folder.assetcatalog; path = "Preview Assets.xcassets"; sourceTree = "<group>"; };
		F6447D192747D03F006C7CA7 /* Persistence.swift */ = {isa = PBXFileReference; lastKnownFileType = sourcecode.swift; path = Persistence.swift; sourceTree = "<group>"; };
		F6447D1C2747D03F006C7CA7 /* Spendio.xcdatamodel */ = {isa = PBXFileReference; lastKnownFileType = wrapper.xcdatamodel; path = Spendio.xcdatamodel; sourceTree = "<group>"; };
		F6447D222747D03F006C7CA7 /* SpendioTests.xctest */ = {isa = PBXFileReference; explicitFileType = wrapper.cfbundle; includeInIndex = 0; path = SpendioTests.xctest; sourceTree = BUILT_PRODUCTS_DIR; };
		F6447D262747D03F006C7CA7 /* SpendioTests.swift */ = {isa = PBXFileReference; lastKnownFileType = sourcecode.swift; path = SpendioTests.swift; sourceTree = "<group>"; };
		F6447D2C2747D03F006C7CA7 /* SpendioUITests.xctest */ = {isa = PBXFileReference; explicitFileType = wrapper.cfbundle; includeInIndex = 0; path = SpendioUITests.xctest; sourceTree = BUILT_PRODUCTS_DIR; };
		F6447D302747D03F006C7CA7 /* SpendioUITests.swift */ = {isa = PBXFileReference; lastKnownFileType = sourcecode.swift; path = SpendioUITests.swift; sourceTree = "<group>"; };
		F6447D322747D03F006C7CA7 /* SpendioUITestsLaunchTests.swift */ = {isa = PBXFileReference; lastKnownFileType = sourcecode.swift; path = SpendioUITestsLaunchTests.swift; sourceTree = "<group>"; };
		F6447D402747EDE2006C7CA7 /* MainView.swift */ = {isa = PBXFileReference; lastKnownFileType = sourcecode.swift; path = MainView.swift; sourceTree = "<group>"; };
		F6447D422747FA16006C7CA7 /* HistoryView.swift */ = {isa = PBXFileReference; lastKnownFileType = sourcecode.swift; path = HistoryView.swift; sourceTree = "<group>"; };
		F6447D442747FA34006C7CA7 /* RecentSpendingsView.swift */ = {isa = PBXFileReference; lastKnownFileType = sourcecode.swift; path = RecentSpendingsView.swift; sourceTree = "<group>"; };
		F6447D462747FA60006C7CA7 /* AddExpenseView.swift */ = {isa = PBXFileReference; lastKnownFileType = sourcecode.swift; path = AddExpenseView.swift; sourceTree = "<group>"; };
		F6447D482747FA7F006C7CA7 /* CategoriesView.swift */ = {isa = PBXFileReference; lastKnownFileType = sourcecode.swift; path = CategoriesView.swift; sourceTree = "<group>"; };
/* End PBXFileReference section */

/* Begin PBXFrameworksBuildPhase section */
		F6447D0A2747D03E006C7CA7 /* Frameworks */ = {
			isa = PBXFrameworksBuildPhase;
			buildActionMask = 2147483647;
			files = (
			);
			runOnlyForDeploymentPostprocessing = 0;
		};
		F6447D1F2747D03F006C7CA7 /* Frameworks */ = {
			isa = PBXFrameworksBuildPhase;
			buildActionMask = 2147483647;
			files = (
			);
			runOnlyForDeploymentPostprocessing = 0;
		};
		F6447D292747D03F006C7CA7 /* Frameworks */ = {
			isa = PBXFrameworksBuildPhase;
			buildActionMask = 2147483647;
			files = (
			);
			runOnlyForDeploymentPostprocessing = 0;
		};
/* End PBXFrameworksBuildPhase section */

/* Begin PBXGroup section */
		F616236927492EBF00B7DAAE /* Navigation */ = {
			isa = PBXGroup;
			children = (
				F6447D402747EDE2006C7CA7 /* MainView.swift */,
			);
			path = Navigation;
			sourceTree = "<group>";
		};
		F616236A27492F4900B7DAAE /* Screen */ = {
			isa = PBXGroup;
			children = (
				F6447D482747FA7F006C7CA7 /* CategoriesView.swift */,
				F6447D462747FA60006C7CA7 /* AddExpenseView.swift */,
				F6447D442747FA34006C7CA7 /* RecentSpendingsView.swift */,
				F6447D422747FA16006C7CA7 /* HistoryView.swift */,
			);
			path = Screen;
			sourceTree = "<group>";
		};
		F616236B27492F6A00B7DAAE /* Shared */ = {
			isa = PBXGroup;
			children = (
				F616236C2749301C00B7DAAE /* ExpenseRowView.swift */,
			);
			path = Shared;
			sourceTree = "<group>";
		};
		F6447D042747D03E006C7CA7 = {
			isa = PBXGroup;
			children = (
				F6447D0F2747D03E006C7CA7 /* Spendio */,
				F6447D252747D03F006C7CA7 /* SpendioTests */,
				F6447D2F2747D03F006C7CA7 /* SpendioUITests */,
				F6447D0E2747D03E006C7CA7 /* Products */,
			);
			sourceTree = "<group>";
		};
		F6447D0E2747D03E006C7CA7 /* Products */ = {
			isa = PBXGroup;
			children = (
				F6447D0D2747D03E006C7CA7 /* Spendio.app */,
				F6447D222747D03F006C7CA7 /* SpendioTests.xctest */,
				F6447D2C2747D03F006C7CA7 /* SpendioUITests.xctest */,
			);
			name = Products;
			sourceTree = "<group>";
		};
		F6447D0F2747D03E006C7CA7 /* Spendio */ = {
			isa = PBXGroup;
			children = (
				F6447D3F2747EDC9006C7CA7 /* Views */,
				F6447D102747D03E006C7CA7 /* SpendioApp.swift */,
				F6447D122747D03E006C7CA7 /* ContentView.swift */,
				F6447D142747D03F006C7CA7 /* Assets.xcassets */,
				F6447D192747D03F006C7CA7 /* Persistence.swift */,
				F6447D1B2747D03F006C7CA7 /* Spendio.xcdatamodeld */,
				F6447D162747D03F006C7CA7 /* Preview Content */,
			);
			path = Spendio;
			sourceTree = "<group>";
		};
		F6447D162747D03F006C7CA7 /* Preview Content */ = {
			isa = PBXGroup;
			children = (
				F6447D172747D03F006C7CA7 /* Preview Assets.xcassets */,
			);
			path = "Preview Content";
			sourceTree = "<group>";
		};
		F6447D252747D03F006C7CA7 /* SpendioTests */ = {
			isa = PBXGroup;
			children = (
				F6447D262747D03F006C7CA7 /* SpendioTests.swift */,
			);
			path = SpendioTests;
			sourceTree = "<group>";
		};
		F6447D2F2747D03F006C7CA7 /* SpendioUITests */ = {
			isa = PBXGroup;
			children = (
				F6447D302747D03F006C7CA7 /* SpendioUITests.swift */,
				F6447D322747D03F006C7CA7 /* SpendioUITestsLaunchTests.swift */,
			);
			path = SpendioUITests;
			sourceTree = "<group>";
		};
		F6447D3F2747EDC9006C7CA7 /* Views */ = {
			isa = PBXGroup;
			children = (
				F616236927492EBF00B7DAAE /* Navigation */,
				F616236A27492F4900B7DAAE /* Screen */,
				F616236B27492F6A00B7DAAE /* Shared */,
			);
			path = Views;
			sourceTree = "<group>";
		};
/* End PBXGroup section */

/* Begin PBXNativeTarget section */
		F6447D0C2747D03E006C7CA7 /* Spendio */ = {
			isa = PBXNativeTarget;
			buildConfigurationList = F6447D362747D03F006C7CA7 /* Build configuration list for PBXNativeTarget "Spendio" */;
			buildPhases = (
				F6447D092747D03E006C7CA7 /* Sources */,
				F6447D0A2747D03E006C7CA7 /* Frameworks */,
				F6447D0B2747D03E006C7CA7 /* Resources */,
			);
			buildRules = (
			);
			dependencies = (
			);
			name = Spendio;
			productName = Spendio;
			productReference = F6447D0D2747D03E006C7CA7 /* Spendio.app */;
			productType = "com.apple.product-type.application";
		};
		F6447D212747D03F006C7CA7 /* SpendioTests */ = {
			isa = PBXNativeTarget;
			buildConfigurationList = F6447D392747D03F006C7CA7 /* Build configuration list for PBXNativeTarget "SpendioTests" */;
			buildPhases = (
				F6447D1E2747D03F006C7CA7 /* Sources */,
				F6447D1F2747D03F006C7CA7 /* Frameworks */,
				F6447D202747D03F006C7CA7 /* Resources */,
			);
			buildRules = (
			);
			dependencies = (
				F6447D242747D03F006C7CA7 /* PBXTargetDependency */,
			);
			name = SpendioTests;
			productName = SpendioTests;
			productReference = F6447D222747D03F006C7CA7 /* SpendioTests.xctest */;
			productType = "com.apple.product-type.bundle.unit-test";
		};
		F6447D2B2747D03F006C7CA7 /* SpendioUITests */ = {
			isa = PBXNativeTarget;
			buildConfigurationList = F6447D3C2747D03F006C7CA7 /* Build configuration list for PBXNativeTarget "SpendioUITests" */;
			buildPhases = (
				F6447D282747D03F006C7CA7 /* Sources */,
				F6447D292747D03F006C7CA7 /* Frameworks */,
				F6447D2A2747D03F006C7CA7 /* Resources */,
			);
			buildRules = (
			);
			dependencies = (
				F6447D2E2747D03F006C7CA7 /* PBXTargetDependency */,
			);
			name = SpendioUITests;
			productName = SpendioUITests;
			productReference = F6447D2C2747D03F006C7CA7 /* SpendioUITests.xctest */;
			productType = "com.apple.product-type.bundle.ui-testing";
		};
/* End PBXNativeTarget section */

/* Begin PBXProject section */
		F6447D052747D03E006C7CA7 /* Project object */ = {
			isa = PBXProject;
			attributes = {
				BuildIndependentTargetsInParallel = 1;
				LastSwiftUpdateCheck = 1300;
				LastUpgradeCheck = 1300;
				TargetAttributes = {
					F6447D0C2747D03E006C7CA7 = {
						CreatedOnToolsVersion = 13.0;
					};
					F6447D212747D03F006C7CA7 = {
						CreatedOnToolsVersion = 13.0;
						TestTargetID = F6447D0C2747D03E006C7CA7;
					};
					F6447D2B2747D03F006C7CA7 = {
						CreatedOnToolsVersion = 13.0;
						TestTargetID = F6447D0C2747D03E006C7CA7;
					};
				};
			};
			buildConfigurationList = F6447D082747D03E006C7CA7 /* Build configuration list for PBXProject "Spendio" */;
			compatibilityVersion = "Xcode 13.0";
			developmentRegion = en;
			hasScannedForEncodings = 0;
			knownRegions = (
				en,
				Base,
			);
			mainGroup = F6447D042747D03E006C7CA7;
			productRefGroup = F6447D0E2747D03E006C7CA7 /* Products */;
			projectDirPath = "";
			projectRoot = "";
			targets = (
				F6447D0C2747D03E006C7CA7 /* Spendio */,
				F6447D212747D03F006C7CA7 /* SpendioTests */,
				F6447D2B2747D03F006C7CA7 /* SpendioUITests */,
			);
		};
/* End PBXProject section */

/* Begin PBXResourcesBuildPhase section */
		F6447D0B2747D03E006C7CA7 /* Resources */ = {
			isa = PBXResourcesBuildPhase;
			buildActionMask = 2147483647;
			files = (
				F6447D182747D03F006C7CA7 /* Preview Assets.xcassets in Resources */,
				F6447D152747D03F006C7CA7 /* Assets.xcassets in Resources */,
			);
			runOnlyForDeploymentPostprocessing = 0;
		};
		F6447D202747D03F006C7CA7 /* Resources */ = {
			isa = PBXResourcesBuildPhase;
			buildActionMask = 2147483647;
			files = (
			);
			runOnlyForDeploymentPostprocessing = 0;
		};
		F6447D2A2747D03F006C7CA7 /* Resources */ = {
			isa = PBXResourcesBuildPhase;
			buildActionMask = 2147483647;
			files = (
			);
			runOnlyForDeploymentPostprocessing = 0;
		};
/* End PBXResourcesBuildPhase section */

/* Begin PBXSourcesBuildPhase section */
		F6447D092747D03E006C7CA7 /* Sources */ = {
			isa = PBXSourcesBuildPhase;
			buildActionMask = 2147483647;
			files = (
				F6447D1A2747D03F006C7CA7 /* Persistence.swift in Sources */,
				F6447D432747FA16006C7CA7 /* HistoryView.swift in Sources */,
				F6447D132747D03E006C7CA7 /* ContentView.swift in Sources */,
				F6447D472747FA60006C7CA7 /* AddExpenseView.swift in Sources */,
				F6447D452747FA34006C7CA7 /* RecentSpendingsView.swift in Sources */,
				F6447D492747FA7F006C7CA7 /* CategoriesView.swift in Sources */,
				F616236D2749301C00B7DAAE /* ExpenseRowView.swift in Sources */,
				F6447D1D2747D03F006C7CA7 /* Spendio.xcdatamodeld in Sources */,
				F6447D412747EDE2006C7CA7 /* MainView.swift in Sources */,
				F6447D112747D03E006C7CA7 /* SpendioApp.swift in Sources */,
			);
			runOnlyForDeploymentPostprocessing = 0;
		};
		F6447D1E2747D03F006C7CA7 /* Sources */ = {
			isa = PBXSourcesBuildPhase;
			buildActionMask = 2147483647;
			files = (
				F6447D272747D03F006C7CA7 /* SpendioTests.swift in Sources */,
			);
			runOnlyForDeploymentPostprocessing = 0;
		};
		F6447D282747D03F006C7CA7 /* Sources */ = {
			isa = PBXSourcesBuildPhase;
			buildActionMask = 2147483647;
			files = (
				F6447D312747D03F006C7CA7 /* SpendioUITests.swift in Sources */,
				F6447D332747D03F006C7CA7 /* SpendioUITestsLaunchTests.swift in Sources */,
			);
			runOnlyForDeploymentPostprocessing = 0;
		};
/* End PBXSourcesBuildPhase section */

/* Begin PBXTargetDependency section */
		F6447D242747D03F006C7CA7 /* PBXTargetDependency */ = {
			isa = PBXTargetDependency;
			target = F6447D0C2747D03E006C7CA7 /* Spendio */;
			targetProxy = F6447D232747D03F006C7CA7 /* PBXContainerItemProxy */;
		};
		F6447D2E2747D03F006C7CA7 /* PBXTargetDependency */ = {
			isa = PBXTargetDependency;
			target = F6447D0C2747D03E006C7CA7 /* Spendio */;
			targetProxy = F6447D2D2747D03F006C7CA7 /* PBXContainerItemProxy */;
		};
/* End PBXTargetDependency section */

/* Begin XCBuildConfiguration section */
		F6447D342747D03F006C7CA7 /* Debug */ = {
			isa = XCBuildConfiguration;
			buildSettings = {
				ALWAYS_SEARCH_USER_PATHS = NO;
				CLANG_ANALYZER_NONNULL = YES;
				CLANG_ANALYZER_NUMBER_OBJECT_CONVERSION = YES_AGGRESSIVE;
				CLANG_CXX_LANGUAGE_STANDARD = "gnu++17";
				CLANG_CXX_LIBRARY = "libc++";
				CLANG_ENABLE_MODULES = YES;
				CLANG_ENABLE_OBJC_ARC = YES;
				CLANG_ENABLE_OBJC_WEAK = YES;
				CLANG_WARN_BLOCK_CAPTURE_AUTORELEASING = YES;
				CLANG_WARN_BOOL_CONVERSION = YES;
				CLANG_WARN_COMMA = YES;
				CLANG_WARN_CONSTANT_CONVERSION = YES;
				CLANG_WARN_DEPRECATED_OBJC_IMPLEMENTATIONS = YES;
				CLANG_WARN_DIRECT_OBJC_ISA_USAGE = YES_ERROR;
				CLANG_WARN_DOCUMENTATION_COMMENTS = YES;
				CLANG_WARN_EMPTY_BODY = YES;
				CLANG_WARN_ENUM_CONVERSION = YES;
				CLANG_WARN_INFINITE_RECURSION = YES;
				CLANG_WARN_INT_CONVERSION = YES;
				CLANG_WARN_NON_LITERAL_NULL_CONVERSION = YES;
				CLANG_WARN_OBJC_IMPLICIT_RETAIN_SELF = YES;
				CLANG_WARN_OBJC_LITERAL_CONVERSION = YES;
				CLANG_WARN_OBJC_ROOT_CLASS = YES_ERROR;
				CLANG_WARN_QUOTED_INCLUDE_IN_FRAMEWORK_HEADER = YES;
				CLANG_WARN_RANGE_LOOP_ANALYSIS = YES;
				CLANG_WARN_STRICT_PROTOTYPES = YES;
				CLANG_WARN_SUSPICIOUS_MOVE = YES;
				CLANG_WARN_UNGUARDED_AVAILABILITY = YES_AGGRESSIVE;
				CLANG_WARN_UNREACHABLE_CODE = YES;
				CLANG_WARN__DUPLICATE_METHOD_MATCH = YES;
				COPY_PHASE_STRIP = NO;
				DEBUG_INFORMATION_FORMAT = dwarf;
				ENABLE_STRICT_OBJC_MSGSEND = YES;
				ENABLE_TESTABILITY = YES;
				GCC_C_LANGUAGE_STANDARD = gnu11;
				GCC_DYNAMIC_NO_PIC = NO;
				GCC_NO_COMMON_BLOCKS = YES;
				GCC_OPTIMIZATION_LEVEL = 0;
				GCC_PREPROCESSOR_DEFINITIONS = (
					"DEBUG=1",
					"$(inherited)",
				);
				GCC_WARN_64_TO_32_BIT_CONVERSION = YES;
				GCC_WARN_ABOUT_RETURN_TYPE = YES_ERROR;
				GCC_WARN_UNDECLARED_SELECTOR = YES;
				GCC_WARN_UNINITIALIZED_AUTOS = YES_AGGRESSIVE;
				GCC_WARN_UNUSED_FUNCTION = YES;
				GCC_WARN_UNUSED_VARIABLE = YES;
				IPHONEOS_DEPLOYMENT_TARGET = 15.0;
				MTL_ENABLE_DEBUG_INFO = INCLUDE_SOURCE;
				MTL_FAST_MATH = YES;
				ONLY_ACTIVE_ARCH = YES;
				SDKROOT = iphoneos;
				SWIFT_ACTIVE_COMPILATION_CONDITIONS = DEBUG;
				SWIFT_OPTIMIZATION_LEVEL = "-Onone";
			};
			name = Debug;
		};
		F6447D352747D03F006C7CA7 /* Release */ = {
			isa = XCBuildConfiguration;
			buildSettings = {
				ALWAYS_SEARCH_USER_PATHS = NO;
				CLANG_ANALYZER_NONNULL = YES;
				CLANG_ANALYZER_NUMBER_OBJECT_CONVERSION = YES_AGGRESSIVE;
				CLANG_CXX_LANGUAGE_STANDARD = "gnu++17";
				CLANG_CXX_LIBRARY = "libc++";
				CLANG_ENABLE_MODULES = YES;
				CLANG_ENABLE_OBJC_ARC = YES;
				CLANG_ENABLE_OBJC_WEAK = YES;
				CLANG_WARN_BLOCK_CAPTURE_AUTORELEASING = YES;
				CLANG_WARN_BOOL_CONVERSION = YES;
				CLANG_WARN_COMMA = YES;
				CLANG_WARN_CONSTANT_CONVERSION = YES;
				CLANG_WARN_DEPRECATED_OBJC_IMPLEMENTATIONS = YES;
				CLANG_WARN_DIRECT_OBJC_ISA_USAGE = YES_ERROR;
				CLANG_WARN_DOCUMENTATION_COMMENTS = YES;
				CLANG_WARN_EMPTY_BODY = YES;
				CLANG_WARN_ENUM_CONVERSION = YES;
				CLANG_WARN_INFINITE_RECURSION = YES;
				CLANG_WARN_INT_CONVERSION = YES;
				CLANG_WARN_NON_LITERAL_NULL_CONVERSION = YES;
				CLANG_WARN_OBJC_IMPLICIT_RETAIN_SELF = YES;
				CLANG_WARN_OBJC_LITERAL_CONVERSION = YES;
				CLANG_WARN_OBJC_ROOT_CLASS = YES_ERROR;
				CLANG_WARN_QUOTED_INCLUDE_IN_FRAMEWORK_HEADER = YES;
				CLANG_WARN_RANGE_LOOP_ANALYSIS = YES;
				CLANG_WARN_STRICT_PROTOTYPES = YES;
				CLANG_WARN_SUSPICIOUS_MOVE = YES;
				CLANG_WARN_UNGUARDED_AVAILABILITY = YES_AGGRESSIVE;
				CLANG_WARN_UNREACHABLE_CODE = YES;
				CLANG_WARN__DUPLICATE_METHOD_MATCH = YES;
				COPY_PHASE_STRIP = NO;
				DEBUG_INFORMATION_FORMAT = "dwarf-with-dsym";
				ENABLE_NS_ASSERTIONS = NO;
				ENABLE_STRICT_OBJC_MSGSEND = YES;
				GCC_C_LANGUAGE_STANDARD = gnu11;
				GCC_NO_COMMON_BLOCKS = YES;
				GCC_WARN_64_TO_32_BIT_CONVERSION = YES;
				GCC_WARN_ABOUT_RETURN_TYPE = YES_ERROR;
				GCC_WARN_UNDECLARED_SELECTOR = YES;
				GCC_WARN_UNINITIALIZED_AUTOS = YES_AGGRESSIVE;
				GCC_WARN_UNUSED_FUNCTION = YES;
				GCC_WARN_UNUSED_VARIABLE = YES;
				IPHONEOS_DEPLOYMENT_TARGET = 15.0;
				MTL_ENABLE_DEBUG_INFO = NO;
				MTL_FAST_MATH = YES;
				SDKROOT = iphoneos;
				SWIFT_COMPILATION_MODE = wholemodule;
				SWIFT_OPTIMIZATION_LEVEL = "-O";
				VALIDATE_PRODUCT = YES;
			};
			name = Release;
		};
		F6447D372747D03F006C7CA7 /* Debug */ = {
			isa = XCBuildConfiguration;
			buildSettings = {
				ASSETCATALOG_COMPILER_APPICON_NAME = AppIcon;
				ASSETCATALOG_COMPILER_GLOBAL_ACCENT_COLOR_NAME = AccentColor;
				CODE_SIGN_STYLE = Automatic;
				CURRENT_PROJECT_VERSION = 1;
				DEVELOPMENT_ASSET_PATHS = "\"Spendio/Preview Content\"";
				DEVELOPMENT_TEAM = X79UK4NVC3;
				ENABLE_PREVIEWS = YES;
				GENERATE_INFOPLIST_FILE = YES;
				INFOPLIST_KEY_UIApplicationSceneManifest_Generation = YES;
				INFOPLIST_KEY_UIApplicationSupportsIndirectInputEvents = YES;
				INFOPLIST_KEY_UILaunchScreen_Generation = YES;
				INFOPLIST_KEY_UISupportedInterfaceOrientations_iPad = "UIInterfaceOrientationPortrait UIInterfaceOrientationPortraitUpsideDown UIInterfaceOrientationLandscapeLeft UIInterfaceOrientationLandscapeRight";
				INFOPLIST_KEY_UISupportedInterfaceOrientations_iPhone = "UIInterfaceOrientationPortrait UIInterfaceOrientationLandscapeLeft UIInterfaceOrientationLandscapeRight";
				IPHONEOS_DEPLOYMENT_TARGET = 15.0;
				LD_RUNPATH_SEARCH_PATHS = (
					"$(inherited)",
					"@executable_path/Frameworks",
				);
				MARKETING_VERSION = 1.0;
				PRODUCT_BUNDLE_IDENTIFIER = khha20.Spendio;
				PRODUCT_NAME = "$(TARGET_NAME)";
				SWIFT_EMIT_LOC_STRINGS = YES;
				SWIFT_VERSION = 5.0;
				TARGETED_DEVICE_FAMILY = 1;
			};
			name = Debug;
		};
		F6447D382747D03F006C7CA7 /* Release */ = {
			isa = XCBuildConfiguration;
			buildSettings = {
				ASSETCATALOG_COMPILER_APPICON_NAME = AppIcon;
				ASSETCATALOG_COMPILER_GLOBAL_ACCENT_COLOR_NAME = AccentColor;
				CODE_SIGN_STYLE = Automatic;
				CURRENT_PROJECT_VERSION = 1;
				DEVELOPMENT_ASSET_PATHS = "\"Spendio/Preview Content\"";
				DEVELOPMENT_TEAM = X79UK4NVC3;
				ENABLE_PREVIEWS = YES;
				GENERATE_INFOPLIST_FILE = YES;
				INFOPLIST_KEY_UIApplicationSceneManifest_Generation = YES;
				INFOPLIST_KEY_UIApplicationSupportsIndirectInputEvents = YES;
				INFOPLIST_KEY_UILaunchScreen_Generation = YES;
				INFOPLIST_KEY_UISupportedInterfaceOrientations_iPad = "UIInterfaceOrientationPortrait UIInterfaceOrientationPortraitUpsideDown UIInterfaceOrientationLandscapeLeft UIInterfaceOrientationLandscapeRight";
				INFOPLIST_KEY_UISupportedInterfaceOrientations_iPhone = "UIInterfaceOrientationPortrait UIInterfaceOrientationLandscapeLeft UIInterfaceOrientationLandscapeRight";
				IPHONEOS_DEPLOYMENT_TARGET = 15.0;
				LD_RUNPATH_SEARCH_PATHS = (
					"$(inherited)",
					"@executable_path/Frameworks",
				);
				MARKETING_VERSION = 1.0;
				PRODUCT_BUNDLE_IDENTIFIER = khha20.Spendio;
				PRODUCT_NAME = "$(TARGET_NAME)";
				SWIFT_EMIT_LOC_STRINGS = YES;
				SWIFT_VERSION = 5.0;
				TARGETED_DEVICE_FAMILY = 1;
			};
			name = Release;
		};
		F6447D3A2747D03F006C7CA7 /* Debug */ = {
			isa = XCBuildConfiguration;
			buildSettings = {
				ALWAYS_EMBED_SWIFT_STANDARD_LIBRARIES = YES;
				BUNDLE_LOADER = "$(TEST_HOST)";
				CODE_SIGN_STYLE = Automatic;
				CURRENT_PROJECT_VERSION = 1;
				DEVELOPMENT_TEAM = X79UK4NVC3;
				GENERATE_INFOPLIST_FILE = YES;
				IPHONEOS_DEPLOYMENT_TARGET = 14.0;
				LD_RUNPATH_SEARCH_PATHS = (
					"$(inherited)",
					"@executable_path/Frameworks",
					"@loader_path/Frameworks",
				);
				MARKETING_VERSION = 1.0;
				PRODUCT_BUNDLE_IDENTIFIER = khha20.SpendioTests;
				PRODUCT_NAME = "$(TARGET_NAME)";
				SWIFT_EMIT_LOC_STRINGS = NO;
				SWIFT_VERSION = 5.0;
				TARGETED_DEVICE_FAMILY = "1,2";
				TEST_HOST = "$(BUILT_PRODUCTS_DIR)/Spendio.app/Spendio";
			};
			name = Debug;
		};
		F6447D3B2747D03F006C7CA7 /* Release */ = {
			isa = XCBuildConfiguration;
			buildSettings = {
				ALWAYS_EMBED_SWIFT_STANDARD_LIBRARIES = YES;
				BUNDLE_LOADER = "$(TEST_HOST)";
				CODE_SIGN_STYLE = Automatic;
				CURRENT_PROJECT_VERSION = 1;
				DEVELOPMENT_TEAM = X79UK4NVC3;
				GENERATE_INFOPLIST_FILE = YES;
				IPHONEOS_DEPLOYMENT_TARGET = 14.0;
				LD_RUNPATH_SEARCH_PATHS = (
					"$(inherited)",
					"@executable_path/Frameworks",
					"@loader_path/Frameworks",
				);
				MARKETING_VERSION = 1.0;
				PRODUCT_BUNDLE_IDENTIFIER = khha20.SpendioTests;
				PRODUCT_NAME = "$(TARGET_NAME)";
				SWIFT_EMIT_LOC_STRINGS = NO;
				SWIFT_VERSION = 5.0;
				TARGETED_DEVICE_FAMILY = "1,2";
				TEST_HOST = "$(BUILT_PRODUCTS_DIR)/Spendio.app/Spendio";
			};
			name = Release;
		};
		F6447D3D2747D03F006C7CA7 /* Debug */ = {
			isa = XCBuildConfiguration;
			buildSettings = {
				ALWAYS_EMBED_SWIFT_STANDARD_LIBRARIES = YES;
				CODE_SIGN_STYLE = Automatic;
				CURRENT_PROJECT_VERSION = 1;
				DEVELOPMENT_TEAM = X79UK4NVC3;
				GENERATE_INFOPLIST_FILE = YES;
				LD_RUNPATH_SEARCH_PATHS = (
					"$(inherited)",
					"@executable_path/Frameworks",
					"@loader_path/Frameworks",
				);
				MARKETING_VERSION = 1.0;
				PRODUCT_BUNDLE_IDENTIFIER = khha20.SpendioUITests;
				PRODUCT_NAME = "$(TARGET_NAME)";
				SWIFT_EMIT_LOC_STRINGS = NO;
				SWIFT_VERSION = 5.0;
				TARGETED_DEVICE_FAMILY = "1,2";
				TEST_TARGET_NAME = Spendio;
			};
			name = Debug;
		};
		F6447D3E2747D03F006C7CA7 /* Release */ = {
			isa = XCBuildConfiguration;
			buildSettings = {
				ALWAYS_EMBED_SWIFT_STANDARD_LIBRARIES = YES;
				CODE_SIGN_STYLE = Automatic;
				CURRENT_PROJECT_VERSION = 1;
				DEVELOPMENT_TEAM = X79UK4NVC3;
				GENERATE_INFOPLIST_FILE = YES;
				LD_RUNPATH_SEARCH_PATHS = (
					"$(inherited)",
					"@executable_path/Frameworks",
					"@loader_path/Frameworks",
				);
				MARKETING_VERSION = 1.0;
				PRODUCT_BUNDLE_IDENTIFIER = khha20.SpendioUITests;
				PRODUCT_NAME = "$(TARGET_NAME)";
				SWIFT_EMIT_LOC_STRINGS = NO;
				SWIFT_VERSION = 5.0;
				TARGETED_DEVICE_FAMILY = "1,2";
				TEST_TARGET_NAME = Spendio;
			};
			name = Release;
		};
/* End XCBuildConfiguration section */

/* Begin XCConfigurationList section */
		F6447D082747D03E006C7CA7 /* Build configuration list for PBXProject "Spendio" */ = {
			isa = XCConfigurationList;
			buildConfigurations = (
				F6447D342747D03F006C7CA7 /* Debug */,
				F6447D352747D03F006C7CA7 /* Release */,
			);
			defaultConfigurationIsVisible = 0;
			defaultConfigurationName = Release;
		};
		F6447D362747D03F006C7CA7 /* Build configuration list for PBXNativeTarget "Spendio" */ = {
			isa = XCConfigurationList;
			buildConfigurations = (
				F6447D372747D03F006C7CA7 /* Debug */,
				F6447D382747D03F006C7CA7 /* Release */,
			);
			defaultConfigurationIsVisible = 0;
			defaultConfigurationName = Release;
		};
		F6447D392747D03F006C7CA7 /* Build configuration list for PBXNativeTarget "SpendioTests" */ = {
			isa = XCConfigurationList;
			buildConfigurations = (
				F6447D3A2747D03F006C7CA7 /* Debug */,
				F6447D3B2747D03F006C7CA7 /* Release */,
			);
			defaultConfigurationIsVisible = 0;
			defaultConfigurationName = Release;
		};
		F6447D3C2747D03F006C7CA7 /* Build configuration list for PBXNativeTarget "SpendioUITests" */ = {
			isa = XCConfigurationList;
			buildConfigurations = (
				F6447D3D2747D03F006C7CA7 /* Debug */,
				F6447D3E2747D03F006C7CA7 /* Release */,
			);
			defaultConfigurationIsVisible = 0;
			defaultConfigurationName = Release;
		};
/* End XCConfigurationList section */

/* Begin XCVersionGroup section */
		F6447D1B2747D03F006C7CA7 /* Spendio.xcdatamodeld */ = {
			isa = XCVersionGroup;
			children = (
				F6447D1C2747D03F006C7CA7 /* Spendio.xcdatamodel */,
			);
			currentVersion = F6447D1C2747D03F006C7CA7 /* Spendio.xcdatamodel */;
			path = Spendio.xcdatamodeld;
			sourceTree = "<group>";
			versionGroupType = wrapper.xcdatamodel;
		};
/* End XCVersionGroup section */
	};
	rootObject = F6447D052747D03E006C7CA7 /* Project object */;
}
